
Microsoft Visual Studio Solution File, Format Version 12.00
# Visual Studio Version 17
VisualStudioVersion = 17.2.32630.192
MinimumVisualStudioVersion = 10.0.40219.1
Project("{9A19103F-16F7-4668-BE54-9A1E7A4F7556}") = "Gateway.Api", "src\Gateway\Gateway.Api\Gateway.Api.csproj", "{959A25F3-CB70-4846-8E4B-CB00EA08A984}"
EndProject
Project("{2150E333-8FDC-42A3-9474-1A3956D46DE8}") = "src", "src", "{C3D54A7B-3C32-442F-B4A7-9D2C9D5E5352}"
EndProject
Project("{2150E333-8FDC-42A3-9474-1A3956D46DE8}") = "Gateway", "Gateway", "{0905D977-3DDA-4B17-B50C-AEBB1D68A60F}"
EndProject
Project("{2150E333-8FDC-42A3-9474-1A3956D46DE8}") = "Services", "Services", "{6EBA4892-CB97-426B-929C-F538200D0EF4}"
EndProject
Project("{9A19103F-16F7-4668-BE54-9A1E7A4F7556}") = "Customer.Api", "src\Services\Customer\Customer.Api\Customer.Api.csproj", "{1A969E06-DC93-4DCE-A7C4-354D37632DBF}"
EndProject
Project("{2150E333-8FDC-42A3-9474-1A3956D46DE8}") = "Customer", "Customer", "{97138521-CBC5-4E63-8648-112D47FC10CD}"
EndProject
Project("{2150E333-8FDC-42A3-9474-1A3956D46DE8}") = "Invoice", "Invoice", "{A43BA4DE-270F-4494-8B13-DA9DF1342AB7}"
EndProject
Project("{9A19103F-16F7-4668-BE54-9A1E7A4F7556}") = "Invoice.Api", "src\Services\Invoice\Invoice.Api\Invoice.Api.csproj", "{1DC024F7-3537-4489-933F-9A846B6D9E05}"
EndProject
Project("{2150E333-8FDC-42A3-9474-1A3956D46DE8}") = "Shared", "Shared", "{78166C05-6A96-4E6A-B8B8-E2398EC178F7}"
EndProject
Project("{9A19103F-16F7-4668-BE54-9A1E7A4F7556}") = "Customer.Core", "src\Services\Customer\Customer.Core\Customer.Core.csproj", "{922705EB-5EB2-428C-9274-693348F37BD2}"
EndProject
Project("{9A19103F-16F7-4668-BE54-9A1E7A4F7556}") = "RetailSample.Shared", "src\Shared\RetailSample.Shared\RetailSample.Shared.csproj", "{1A5C43F3-A3DB-4DCA-B25F-DCE1C676E8D9}"
EndProject
Project("{2150E333-8FDC-42A3-9474-1A3956D46DE8}") = "test", "test", "{4CE9BD40-3F35-4EA4-958A-9512E0AF4BD9}"
EndProject
Project("{9A19103F-16F7-4668-BE54-9A1E7A4F7556}") = "Customer.UnitTest", "test\Customer.UnitTest\Customer.UnitTest.csproj", "{A8D0A563-4C7E-416F-A006-0D74A6B4AA28}"
EndProject
Project("{FAE04EC0-301F-11D3-BF4B-00C04F79EFBC}") = "Invoice.Core", "src\Service\Invoice\Invoice.Core\Invoice.Core.csproj", "{26BCE65F-8EF0-4F61-80CB-FE32EF6CD664}"
EndProject
Project("{FAE04EC0-301F-11D3-BF4B-00C04F79EFBC}") = "Invoice.UnitTest", "test\Invoice.UnitTest\Invoice.UnitTest.csproj", "{75182CC6-421F-4AE5-AF86-32A88FD85DA0}"
EndProject
Global
	GlobalSection(SolutionConfigurationPlatforms) = preSolution
		Debug|Any CPU = Debug|Any CPU
		Release|Any CPU = Release|Any CPU
	EndGlobalSection
	GlobalSection(ProjectConfigurationPlatforms) = postSolution
		{959A25F3-CB70-4846-8E4B-CB00EA08A984}.Debug|Any CPU.ActiveCfg = Debug|Any CPU
		{959A25F3-CB70-4846-8E4B-CB00EA08A984}.Debug|Any CPU.Build.0 = Debug|Any CPU
		{959A25F3-CB70-4846-8E4B-CB00EA08A984}.Release|Any CPU.ActiveCfg = Release|Any CPU
		{959A25F3-CB70-4846-8E4B-CB00EA08A984}.Release|Any CPU.Build.0 = Release|Any CPU
		{1A969E06-DC93-4DCE-A7C4-354D37632DBF}.Debug|Any CPU.ActiveCfg = Debug|Any CPU
		{1A969E06-DC93-4DCE-A7C4-354D37632DBF}.Debug|Any CPU.Build.0 = Debug|Any CPU
		{1A969E06-DC93-4DCE-A7C4-354D37632DBF}.Release|Any CPU.ActiveCfg = Release|Any CPU
		{1A969E06-DC93-4DCE-A7C4-354D37632DBF}.Release|Any CPU.Build.0 = Release|Any CPU
		{1DC024F7-3537-4489-933F-9A846B6D9E05}.Debug|Any CPU.ActiveCfg = Debug|Any CPU
		{1DC024F7-3537-4489-933F-9A846B6D9E05}.Debug|Any CPU.Build.0 = Debug|Any CPU
		{1DC024F7-3537-4489-933F-9A846B6D9E05}.Release|Any CPU.ActiveCfg = Release|Any CPU
		{1DC024F7-3537-4489-933F-9A846B6D9E05}.Release|Any CPU.Build.0 = Release|Any CPU
		{922705EB-5EB2-428C-9274-693348F37BD2}.Debug|Any CPU.ActiveCfg = Debug|Any CPU
		{922705EB-5EB2-428C-9274-693348F37BD2}.Debug|Any CPU.Build.0 = Debug|Any CPU
		{922705EB-5EB2-428C-9274-693348F37BD2}.Release|Any CPU.ActiveCfg = Release|Any CPU
		{922705EB-5EB2-428C-9274-693348F37BD2}.Release|Any CPU.Build.0 = Release|Any CPU
		{1A5C43F3-A3DB-4DCA-B25F-DCE1C676E8D9}.Debug|Any CPU.ActiveCfg = Debug|Any CPU
		{1A5C43F3-A3DB-4DCA-B25F-DCE1C676E8D9}.Debug|Any CPU.Build.0 = Debug|Any CPU
		{1A5C43F3-A3DB-4DCA-B25F-DCE1C676E8D9}.Release|Any CPU.ActiveCfg = Release|Any CPU
		{1A5C43F3-A3DB-4DCA-B25F-DCE1C676E8D9}.Release|Any CPU.Build.0 = Release|Any CPU
		{A8D0A563-4C7E-416F-A006-0D74A6B4AA28}.Debug|Any CPU.ActiveCfg = Debug|Any CPU
		{A8D0A563-4C7E-416F-A006-0D74A6B4AA28}.Debug|Any CPU.Build.0 = Debug|Any CPU
		{A8D0A563-4C7E-416F-A006-0D74A6B4AA28}.Release|Any CPU.ActiveCfg = Release|Any CPU
		{A8D0A563-4C7E-416F-A006-0D74A6B4AA28}.Release|Any CPU.Build.0 = Release|Any CPU
		{26BCE65F-8EF0-4F61-80CB-FE32EF6CD664}.Debug|Any CPU.ActiveCfg = Debug|Any CPU
		{26BCE65F-8EF0-4F61-80CB-FE32EF6CD664}.Debug|Any CPU.Build.0 = Debug|Any CPU
		{26BCE65F-8EF0-4F61-80CB-FE32EF6CD664}.Release|Any CPU.ActiveCfg = Release|Any CPU
		{26BCE65F-8EF0-4F61-80CB-FE32EF6CD664}.Release|Any CPU.Build.0 = Release|Any CPU
		{75182CC6-421F-4AE5-AF86-32A88FD85DA0}.Debug|Any CPU.ActiveCfg = Debug|Any CPU
		{75182CC6-421F-4AE5-AF86-32A88FD85DA0}.Debug|Any CPU.Build.0 = Debug|Any CPU
		{75182CC6-421F-4AE5-AF86-32A88FD85DA0}.Release|Any CPU.ActiveCfg = Release|Any CPU
		{75182CC6-421F-4AE5-AF86-32A88FD85DA0}.Release|Any CPU.Build.0 = Release|Any CPU
	EndGlobalSection
	GlobalSection(SolutionProperties) = preSolution
		HideSolutionNode = FALSE
	EndGlobalSection
	GlobalSection(NestedProjects) = preSolution
		{959A25F3-CB70-4846-8E4B-CB00EA08A984} = {0905D977-3DDA-4B17-B50C-AEBB1D68A60F}
		{0905D977-3DDA-4B17-B50C-AEBB1D68A60F} = {C3D54A7B-3C32-442F-B4A7-9D2C9D5E5352}
		{6EBA4892-CB97-426B-929C-F538200D0EF4} = {C3D54A7B-3C32-442F-B4A7-9D2C9D5E5352}
		{1A969E06-DC93-4DCE-A7C4-354D37632DBF} = {97138521-CBC5-4E63-8648-112D47FC10CD}
		{97138521-CBC5-4E63-8648-112D47FC10CD} = {6EBA4892-CB97-426B-929C-F538200D0EF4}
		{A43BA4DE-270F-4494-8B13-DA9DF1342AB7} = {6EBA4892-CB97-426B-929C-F538200D0EF4}
		{1DC024F7-3537-4489-933F-9A846B6D9E05} = {A43BA4DE-270F-4494-8B13-DA9DF1342AB7}
		{78166C05-6A96-4E6A-B8B8-E2398EC178F7} = {C3D54A7B-3C32-442F-B4A7-9D2C9D5E5352}
		{922705EB-5EB2-428C-9274-693348F37BD2} = {97138521-CBC5-4E63-8648-112D47FC10CD}
		{1A5C43F3-A3DB-4DCA-B25F-DCE1C676E8D9} = {78166C05-6A96-4E6A-B8B8-E2398EC178F7}
		{A8D0A563-4C7E-416F-A006-0D74A6B4AA28} = {4CE9BD40-3F35-4EA4-958A-9512E0AF4BD9}
		{26BCE65F-8EF0-4F61-80CB-FE32EF6CD664} = {A43BA4DE-270F-4494-8B13-DA9DF1342AB7}
		{75182CC6-421F-4AE5-AF86-32A88FD85DA0} = {4CE9BD40-3F35-4EA4-958A-9512E0AF4BD9}
	EndGlobalSection
	GlobalSection(ExtensibilityGlobals) = postSolution
		SolutionGuid = {8D5C3B92-0E2E-44D6-949A-FBD40A174C2F}
	EndGlobalSection
EndGlobal
